
Microsoft Visual Studio Solution File, Format Version 12.00
# Visual Studio Version 17
VisualStudioVersion = 17.2.32630.192
MinimumVisualStudioVersion = 10.0.40219.1
Project("{2150E333-8FDC-42A3-9474-1A3956D46DE8}") = "Services", "Services", "{39DD0566-15E7-4DF9-A0CD-3AC94E49A463}"
EndProject
Project("{2150E333-8FDC-42A3-9474-1A3956D46DE8}") = "ApiGateway", "ApiGateway", "{57AC9CA7-B3A3-4395-B09B-212637759CFF}"
EndProject
Project("{2150E333-8FDC-42A3-9474-1A3956D46DE8}") = "Catelog", "Catelog", "{2A2E7664-8B97-430D-9DE4-DE6BB52D5065}"
EndProject
Project("{2150E333-8FDC-42A3-9474-1A3956D46DE8}") = "Order", "Order", "{76710A80-FB22-4997-962D-6040A8CDC378}"
EndProject
Project("{9A19103F-16F7-4668-BE54-9A1E7A4F7556}") = "SimpleECommerce.Services.CatelogApi", "Services\SimpleECommerce.Services.CatelogApi\SimpleECommerce.Services.CatelogApi.csproj", "{A2AEDEB2-BC58-4290-A778-D79EDB64F833}"
EndProject
Project("{2150E333-8FDC-42A3-9474-1A3956D46DE8}") = "Common", "Common", "{26947EA4-5794-4D15-8668-5125D3434AF7}"
EndProject
Project("{9A19103F-16F7-4668-BE54-9A1E7A4F7556}") = "SimpleECommerce.Common.Abstractions", "common\SimpleECommerce.Common.Abstraction\SimpleECommerce.Common.Abstractions.csproj", "{846582BD-34DF-46FF-8E8A-2A0A27F3B9D2}"
EndProject
Project("{9A19103F-16F7-4668-BE54-9A1E7A4F7556}") = "SimpleECommerce.Common.Persistence.EFCore", "SimpleECommerce.Common.Persistence.EFCore\SimpleECommerce.Common.Persistence.EFCore.csproj", "{D13E63F2-6E13-4134-B380-C03EDA72408D}"
EndProject
Project("{9A19103F-16F7-4668-BE54-9A1E7A4F7556}") = "SimpleECommerce.Common.Util", "SimpleECommerce.Common.Util\SimpleECommerce.Common.Util.csproj", "{BA77E4EF-29C2-4681-A83E-9EC81D660ED8}"
EndProject
Project("{9A19103F-16F7-4668-BE54-9A1E7A4F7556}") = "SimpleECommerce.Services.OrderApi", "SimpleECommerce.Services.OrderApi\SimpleECommerce.Services.OrderApi.csproj", "{D709D269-12CF-4BF1-8B87-BA6E3074B259}"
EndProject
Project("{E53339B2-1760-4266-BCC7-CA923CBCF16C}") = "docker-compose", "docker-compose.dcproj", "{81DB5022-2C92-4EB7-9C9E-C57ECB847904}"
EndProject
Global
	GlobalSection(SolutionConfigurationPlatforms) = preSolution
		Debug|Any CPU = Debug|Any CPU
		Release|Any CPU = Release|Any CPU
	EndGlobalSection
	GlobalSection(ProjectConfigurationPlatforms) = postSolution
		{A2AEDEB2-BC58-4290-A778-D79EDB64F833}.Debug|Any CPU.ActiveCfg = Debug|Any CPU
		{A2AEDEB2-BC58-4290-A778-D79EDB64F833}.Debug|Any CPU.Build.0 = Debug|Any CPU
		{A2AEDEB2-BC58-4290-A778-D79EDB64F833}.Release|Any CPU.ActiveCfg = Release|Any CPU
		{A2AEDEB2-BC58-4290-A778-D79EDB64F833}.Release|Any CPU.Build.0 = Release|Any CPU
		{846582BD-34DF-46FF-8E8A-2A0A27F3B9D2}.Debug|Any CPU.ActiveCfg = Debug|Any CPU
		{846582BD-34DF-46FF-8E8A-2A0A27F3B9D2}.Debug|Any CPU.Build.0 = Debug|Any CPU
		{846582BD-34DF-46FF-8E8A-2A0A27F3B9D2}.Release|Any CPU.ActiveCfg = Release|Any CPU
		{846582BD-34DF-46FF-8E8A-2A0A27F3B9D2}.Release|Any CPU.Build.0 = Release|Any CPU
		{D13E63F2-6E13-4134-B380-C03EDA72408D}.Debug|Any CPU.ActiveCfg = Debug|Any CPU
		{D13E63F2-6E13-4134-B380-C03EDA72408D}.Debug|Any CPU.Build.0 = Debug|Any CPU
		{D13E63F2-6E13-4134-B380-C03EDA72408D}.Release|Any CPU.ActiveCfg = Release|Any CPU
		{D13E63F2-6E13-4134-B380-C03EDA72408D}.Release|Any CPU.Build.0 = Release|Any CPU
		{BA77E4EF-29C2-4681-A83E-9EC81D660ED8}.Debug|Any CPU.ActiveCfg = Debug|Any CPU
		{BA77E4EF-29C2-4681-A83E-9EC81D660ED8}.Debug|Any CPU.Build.0 = Debug|Any CPU
		{BA77E4EF-29C2-4681-A83E-9EC81D660ED8}.Release|Any CPU.ActiveCfg = Release|Any CPU
		{BA77E4EF-29C2-4681-A83E-9EC81D660ED8}.Release|Any CPU.Build.0 = Release|Any CPU
		{D709D269-12CF-4BF1-8B87-BA6E3074B259}.Debug|Any CPU.ActiveCfg = Debug|Any CPU
		{D709D269-12CF-4BF1-8B87-BA6E3074B259}.Debug|Any CPU.Build.0 = Debug|Any CPU
		{D709D269-12CF-4BF1-8B87-BA6E3074B259}.Release|Any CPU.ActiveCfg = Release|Any CPU
		{D709D269-12CF-4BF1-8B87-BA6E3074B259}.Release|Any CPU.Build.0 = Release|Any CPU
		{81DB5022-2C92-4EB7-9C9E-C57ECB847904}.Debug|Any CPU.ActiveCfg = Debug|Any CPU
		{81DB5022-2C92-4EB7-9C9E-C57ECB847904}.Debug|Any CPU.Build.0 = Debug|Any CPU
		{81DB5022-2C92-4EB7-9C9E-C57ECB847904}.Release|Any CPU.ActiveCfg = Release|Any CPU
		{81DB5022-2C92-4EB7-9C9E-C57ECB847904}.Release|Any CPU.Build.0 = Release|Any CPU
	EndGlobalSection
	GlobalSection(SolutionProperties) = preSolution
		HideSolutionNode = FALSE
	EndGlobalSection
	GlobalSection(NestedProjects) = preSolution
		{2A2E7664-8B97-430D-9DE4-DE6BB52D5065} = {39DD0566-15E7-4DF9-A0CD-3AC94E49A463}
		{76710A80-FB22-4997-962D-6040A8CDC378} = {39DD0566-15E7-4DF9-A0CD-3AC94E49A463}
		{A2AEDEB2-BC58-4290-A778-D79EDB64F833} = {2A2E7664-8B97-430D-9DE4-DE6BB52D5065}
		{846582BD-34DF-46FF-8E8A-2A0A27F3B9D2} = {26947EA4-5794-4D15-8668-5125D3434AF7}
		{D13E63F2-6E13-4134-B380-C03EDA72408D} = {26947EA4-5794-4D15-8668-5125D3434AF7}
		{BA77E4EF-29C2-4681-A83E-9EC81D660ED8} = {26947EA4-5794-4D15-8668-5125D3434AF7}
		{D709D269-12CF-4BF1-8B87-BA6E3074B259} = {76710A80-FB22-4997-962D-6040A8CDC378}
	EndGlobalSection
	GlobalSection(ExtensibilityGlobals) = postSolution
		SolutionGuid = {4FA611D9-AA20-4D3A-A110-51206A945014}
	EndGlobalSection
EndGlobal
